
Microsoft Visual Studio Solution File, Format Version 12.00
# Visual Studio Version 17
VisualStudioVersion = 17.8.34511.84
MinimumVisualStudioVersion = 10.0.40219.1
Project("{9A19103F-16F7-4668-BE54-9A1E7A4F7556}") = "Bingo", "Bingo\Bingo.csproj", "{FAA94BC6-868C-49C9-8F5D-AE0AF13A1887}"
EndProject
Project("{9A19103F-16F7-4668-BE54-9A1E7A4F7556}") = "Bingo.Test", "Bingo.Test\Bingo.Test.csproj", "{C5D3C9D5-DCC4-4A6E-BF6D-7C16DDC08AE7}"
EndProject
Global
	GlobalSection(SolutionConfigurationPlatforms) = preSolution
		Debug|Any CPU = Debug|Any CPU
		Release|Any CPU = Release|Any CPU
	EndGlobalSection
	GlobalSection(ProjectConfigurationPlatforms) = postSolution
		{FAA94BC6-868C-49C9-8F5D-AE0AF13A1887}.Debug|Any CPU.ActiveCfg = Debug|Any CPU
		{FAA94BC6-868C-49C9-8F5D-AE0AF13A1887}.Debug|Any CPU.Build.0 = Debug|Any CPU
		{FAA94BC6-868C-49C9-8F5D-AE0AF13A1887}.Release|Any CPU.ActiveCfg = Release|Any CPU
		{FAA94BC6-868C-49C9-8F5D-AE0AF13A1887}.Release|Any CPU.Build.0 = Release|Any CPU
		{C5D3C9D5-DCC4-4A6E-BF6D-7C16DDC08AE7}.Debug|Any CPU.ActiveCfg = Debug|Any CPU
		{C5D3C9D5-DCC4-4A6E-BF6D-7C16DDC08AE7}.Debug|Any CPU.Build.0 = Debug|Any CPU
		{C5D3C9D5-DCC4-4A6E-BF6D-7C16DDC08AE7}.Release|Any CPU.ActiveCfg = Release|Any CPU
		{C5D3C9D5-DCC4-4A6E-BF6D-7C16DDC08AE7}.Release|Any CPU.Build.0 = Release|Any CPU
	EndGlobalSection
	GlobalSection(SolutionProperties) = preSolution
		HideSolutionNode = FALSE
	EndGlobalSection
	GlobalSection(ExtensibilityGlobals) = postSolution
		SolutionGuid = {66B33997-547B-40F3-8C39-BC535DE2ED67}
	EndGlobalSection
EndGlobal
